
Microsoft Visual Studio Solution File, Format Version 12.00
# Visual Studio Version 16
VisualStudioVersion = 16.0.29728.190
MinimumVisualStudioVersion = 10.0.40219.1
Project("{FAE04EC0-301F-11D3-BF4B-00C04F79EFBC}") = "LibraryWebApp-SQLite", "LibraryWebApp-SQLite\LibraryWebApp-SQLite.csproj", "{30B13824-8ECE-461A-9B56-9AE3FD6DD7D2}"
EndProject
Global
	GlobalSection(SolutionConfigurationPlatforms) = preSolution
		Debug|Any CPU = Debug|Any CPU
		Release|Any CPU = Release|Any CPU
	EndGlobalSection
	GlobalSection(ProjectConfigurationPlatforms) = postSolution
		{30B13824-8ECE-461A-9B56-9AE3FD6DD7D2}.Debug|Any CPU.ActiveCfg = Debug|Any CPU
		{30B13824-8ECE-461A-9B56-9AE3FD6DD7D2}.Debug|Any CPU.Build.0 = Debug|Any CPU
		{30B13824-8ECE-461A-9B56-9AE3FD6DD7D2}.Release|Any CPU.ActiveCfg = Release|Any CPU
		{30B13824-8ECE-461A-9B56-9AE3FD6DD7D2}.Release|Any CPU.Build.0 = Release|Any CPU
	EndGlobalSection
	GlobalSection(SolutionProperties) = preSolution
		HideSolutionNode = FALSE
	EndGlobalSection
	GlobalSection(ExtensibilityGlobals) = postSolution
		SolutionGuid = {6232C590-FCA2-4C54-81BC-ED6C8B78CC44}
	EndGlobalSection
EndGlobal
